<?xml version="1.0" encoding="utf-8"?>
<Project ToolsVersion="4.0" xmlns="http://schemas.microsoft.com/developer/msbuild/2003">
  <ItemGroup>
    <Filter Include="Source Files">
      <UniqueIdentifier>{4FC737F1-C7A5-4376-A066-2A32D752A2FF}</UniqueIdentifier>
      <Extensions>cpp;c;cc;cxx;def;odl;idl;hpj;bat;asm;asmx</Extensions>
    </Filter>
    <Filter Include="Header Files">
      <UniqueIdentifier>{93995380-89BD-4b04-88EB-625FBE52EBFB}</UniqueIdentifier>
      <Extensions>h;hh;hpp;hxx;hm;inl;inc;xsd</Extensions>
    </Filter>
    <Filter Include="Resource Files">
      <UniqueIdentifier>{D9D6E242-F8AF-46E4-B9FD-80ECBC20BA3E}</UniqueIdentifier>
      <Extensions>qrc;*</Extensions>
      <ParseFiles>false</ParseFiles>
    </Filter>
    <Filter Include="Form Files">
      <UniqueIdentifier>{99349809-55BA-4b9d-BF79-8FDBB0286EB3}</UniqueIdentifier>
      <Extensions>ui</Extensions>
    </Filter>
    <Filter Include="Resource Files">
      <UniqueIdentifier>{D9D6E242-F8AF-46E4-B9FD-80ECBC20BA3E}</UniqueIdentifier>
      <Extensions>qrc;*</Extensions>
      <ParseFiles>false</ParseFiles>
    </Filter>
    <Filter Include="Source Files\UI">
      <UniqueIdentifier>{f839fff1-f4b4-4f89-af8c-d264507429de}</UniqueIdentifier>
    </Filter>
    <Filter Include="Source Files\Core">
      <UniqueIdentifier>{1fea444f-604e-48d8-8c60-139209e7b350}</UniqueIdentifier>
    </Filter>
    <Filter Include="Header Files\UI">
      <UniqueIdentifier>{ec870ccd-3a45-452f-8407-11e0de5a4128}</UniqueIdentifier>
    </Filter>
    <Filter Include="Source Files\TypeLibrary">
      <UniqueIdentifier>{8600224d-05fe-4904-bbae-bd69c9ffabfb}</UniqueIdentifier>
    </Filter>
    <Filter Include="Header Files\TypeLibrary">
      <UniqueIdentifier>{df2f68a3-7bf1-489e-a0d4-4516fe959734}</UniqueIdentifier>
    </Filter>
  </ItemGroup>
  <ItemGroup>
    <ClCompile Include="WindowManager.cpp">
      <Filter>Source Files\UI</Filter>
    </ClCompile>
    <ClCompile Include="SimulationMenu.cpp">
      <Filter>Source Files\UI</Filter>
    </ClCompile>
    <ClCompile Include="MainMenu.cpp">
      <Filter>Source Files\UI</Filter>
    </ClCompile>
    <ClCompile Include="ArtworkMenu.cpp">
      <Filter>Source Files\UI</Filter>
    </ClCompile>
    <ClCompile Include="ArmoryMenu.cpp">
      <Filter>Source Files\UI</Filter>
    </ClCompile>
    <ClCompile Include="main.cpp">
      <Filter>Source Files\Core</Filter>
    </ClCompile>
    <ClCompile Include="Doll.cpp">
      <Filter>Source Files\TypeLibrary</Filter>
    </ClCompile>
    <ClCompile Include="TileSet.cpp">
      <Filter>Source Files\TypeLibrary</Filter>
    </ClCompile>
    <ClCompile Include="Tile.cpp">
      <Filter>Source Files\TypeLibrary</Filter>
    </ClCompile>
    <ClCompile Include="Stats.cpp">
      <Filter>Source Files\TypeLibrary</Filter>
    </ClCompile>
    <ClCompile Include="Item.cpp">
      <Filter>Source Files\TypeLibrary</Filter>
    </ClCompile>
  </ItemGroup>
  <ItemGroup>
    <QtMoc Include="WindowManager.h">
      <Filter>Header Files\UI</Filter>
    </QtMoc>
    <QtMoc Include="SimulationMenu.h">
      <Filter>Header Files\UI</Filter>
    </QtMoc>
    <QtMoc Include="MainMenu.h">
      <Filter>Header Files\UI</Filter>
    </QtMoc>
    <QtMoc Include="ArtworkMenu.h">
      <Filter>Header Files\UI</Filter>
    </QtMoc>
    <QtMoc Include="ArmoryMenu.h">
      <Filter>Header Files\UI</Filter>
    </QtMoc>
  </ItemGroup>
  <ItemGroup>
    <ClInclude Include="Doll.h">
      <Filter>Header Files\TypeLibrary</Filter>
    </ClInclude>
    <ClInclude Include="TileSet.h">
      <Filter>Header Files\TypeLibrary</Filter>
    </ClInclude>
    <ClInclude Include="Tile.h">
      <Filter>Header Files\TypeLibrary</Filter>
    </ClInclude>
    <ClInclude Include="Stats.h">
      <Filter>Header Files\TypeLibrary</Filter>
    </ClInclude>
    <ClInclude Include="Item.h">
      <Filter>Header Files\TypeLibrary</Filter>
    </ClInclude>
  </ItemGroup>
</Project>